{
  "version": 1,
  "dependencies": {
    "net10.0": {
      "Microsoft.AspNetCore.OpenApi": {
        "type": "Direct",
        "requested": "[8.0.8, )",
        "resolved": "8.0.8",
        "contentHash": "wNHhohqP8rmsQ4UhKbd6jZMD6l+2Q/+DvRBT0Cgqeuglr13aF6sSJWicZKCIhZAUXzuhkdwtHVc95MlPlFk0dA==",
        "dependencies": {
          "Microsoft.OpenApi": "1.4.3"
        }
      },
      "NSwag.AspNetCore": {
        "type": "Direct",
        "requested": "[14.2.0, )",
        "resolved": "14.2.0",
        "contentHash": "K0qYdx4MmsIPyKlwVQLhAWgb5gE596e1qzIgpO+xOMV88En+lONQ49n1zxGiT7kYa1UoOIZd714fEo9BpRe2wg==",
        "dependencies": {
          "Microsoft.Extensions.ApiDescription.Server": "6.0.3",
          "Microsoft.Extensions.FileProviders.Embedded": "9.0.0",
          "NSwag.Annotations": "14.2.0",
          "NSwag.Core": "14.2.0",
          "NSwag.Core.Yaml": "14.2.0",
          "NSwag.Generation": "14.2.0",
          "NSwag.Generation.AspNetCore": "14.2.0"
        }
      },
      "Swashbuckle.AspNetCore": {
        "type": "Direct",
        "requested": "[6.4.0, )",
        "resolved": "6.4.0",
        "contentHash": "eUBr4TW0up6oKDA5Xwkul289uqSMgY0xGN4pnbOIBqCcN9VKGGaPvHX3vWaG/hvocfGDP+MGzMA0bBBKz2fkmQ==",
        "dependencies": {
          "Microsoft.Extensions.ApiDescription.Server": "6.0.5",
          "Swashbuckle.AspNetCore.Swagger": "6.4.0",
          "Swashbuckle.AspNetCore.SwaggerGen": "6.4.0",
          "Swashbuckle.AspNetCore.SwaggerUI": "6.4.0"
        }
      },
      "JWT": {
        "type": "Transitive",
        "resolved": "11.0.0",
        "contentHash": "jOT1PA95jgf78CqWsKt8hz9Uzv4J39vukzf5nYtfky9N6wl1W4vIXT1CdkQI7zG20HnApEMtmpC/pMtCKr4rvw==",
        "dependencies": {
          "Newtonsoft.Json": "13.0.3"
        }
      },
      "Microsoft.Extensions.ApiDescription.Server": {
        "type": "Transitive",
        "resolved": "6.0.5",
        "contentHash": "Ckb5EDBUNJdFWyajfXzUIMRkhf52fHZOQuuZg/oiu8y7zDCVwD0iHhew6MnThjHmevanpxL3f5ci2TtHQEN6bw=="
      },
      "Microsoft.Extensions.FileProviders.Embedded": {
        "type": "Transitive",
        "resolved": "9.0.0",
        "contentHash": "6Ev1goLIvggLF6uCs6oZvdr9JM+2b1Zj+4FLdBWNW5iw3tm2BymVIb0yMsjnQTBWL7YUmqVWH3u45hSqOfvuqg=="
      },
      "Microsoft.OpenApi": {
        "type": "Transitive",
        "resolved": "1.4.3",
        "contentHash": "rURwggB+QZYcSVbDr7HSdhw/FELvMlriW10OeOzjPT7pstefMo7IThhtNtDudxbXhW+lj0NfX72Ka5EDsG8x6w=="
      },
      "Namotion.Reflection": {
        "type": "Transitive",
        "resolved": "3.2.0",
        "contentHash": "YfGjDPzMEs3vRMI4CMkJwOg75SV5JEDV72kMccD2GCo++TfgOYb5ZTpABYq3dUQqFtnAPpqMKM+deLlrUwnN1g=="
      },
      "Newtonsoft.Json": {
        "type": "Transitive",
        "resolved": "13.0.3",
        "contentHash": "HrC5BXdl00IP9zeV+0Z848QWPAoCr9P3bDEZguI+gkLcBKAOxix/tLEAAHC+UvDNPv4a2d18lOReHMOagPa+zQ=="
      },
      "NJsonSchema": {
        "type": "Transitive",
        "resolved": "11.1.0",
        "contentHash": "H7QO+bM/2uzF81mVyy4U8ha4MXS9eOX06rTvBgJKquzIuLUGuiOTc4nknkCFKW7mr+xnWgzY7Spevz5ZEK8fGg==",
        "dependencies": {
          "NJsonSchema.Annotations": "11.1.0",
          "Namotion.Reflection": "3.2.0",
          "Newtonsoft.Json": "13.0.3"
        }
      },
      "NJsonSchema.Annotations": {
        "type": "Transitive",
        "resolved": "11.1.0",
        "contentHash": "2gU72pKhMLrQt7TjHv+nrb8CxxgUaBk2SD/CaB5f00SxuWdOT4YVQaGy+jTVx+8IgQit+9WWMvBWU9f6U2HNiQ=="
      },
      "NJsonSchema.NewtonsoftJson": {
        "type": "Transitive",
        "resolved": "11.1.0",
        "contentHash": "7eC9PNAqHt2RU1CWz4xzZsBdTWCOVH1dpytV2UF5vifi8gOOEAftPdTRUw9O0txNTY65AQUvHU0+P7yuCGWo/g==",
        "dependencies": {
          "NJsonSchema": "11.1.0",
          "Newtonsoft.Json": "13.0.3"
        }
      },
      "NJsonSchema.Yaml": {
        "type": "Transitive",
        "resolved": "11.1.0",
        "contentHash": "SUQMwNageNORSEsP0/CUhHSf1TT5iZ2dNN6CFQppVEI2hqo1VRFVs17wFxlKI8TUOks4kgXP3Kn5p7atgNzGUA==",
        "dependencies": {
          "NJsonSchema": "11.1.0",
          "YamlDotNet": "16.2.0"
        }
      },
      "NSwag.Annotations": {
        "type": "Transitive",
        "resolved": "14.2.0",
        "contentHash": "156Gc3UluDj75KQOpBuh/72r8Nv3InNDkrfNNL8mqPLqhIkTCAGkkhD3lsW8V3i7Cz23Aqu1D0aJIWrEVzt+Uw=="
      },
      "NSwag.Core": {
        "type": "Transitive",
        "resolved": "14.2.0",
        "contentHash": "1dcOFGimKGRZnSEyu/cLaWX7vPJrHpZzFs3uSNE8x/48SFBK6zzjBsXdhNvSaInvQp2dDJHcAIy90I7fOp+IIw==",
        "dependencies": {
          "NJsonSchema": "11.1.0"
        }
      },
      "NSwag.Core.Yaml": {
        "type": "Transitive",
        "resolved": "14.2.0",
        "contentHash": "ULOD9qNCI25oy5Ke9CfNmJM2nI4fDxWWI6BOZaiTaAJdFsC9N6/Lt7pNQw6cKVl1XXQV5WdtUFeBqP0ZRwDxiA==",
        "dependencies": {
          "NJsonSchema.Yaml": "11.1.0",
          "NSwag.Core": "14.2.0"
        }
      },
      "NSwag.Generation": {
        "type": "Transitive",
        "resolved": "14.2.0",
        "contentHash": "FNUSJgqR1u+rsVKwSKsPXF4mIZb6Woac/Ucui5m+dfsuCFZe1VgMsTYCeGpmDqpjIwtTNUaIcGuwqMHH9Fstlw==",
        "dependencies": {
          "NJsonSchema.NewtonsoftJson": "11.1.0",
          "NSwag.Core": "14.2.0"
        }
      },
      "NSwag.Generation.AspNetCore": {
        "type": "Transitive",
        "resolved": "14.2.0",
        "contentHash": "9VO43wD5IK9O79ZESXD44QtNhoWZi2/5oLHV2JbCd0dR6bJ+9SHqcn+LK3VJFvcRZjFry0JSNd6WBDQL+AH72A==",
        "dependencies": {
          "NSwag.Generation": "14.2.0"
        }
      },
      "Swashbuckle.AspNetCore.Swagger": {
        "type": "Transitive",
        "resolved": "6.4.0",
        "contentHash": "nl4SBgGM+cmthUcpwO/w1lUjevdDHAqRvfUoe4Xp/Uvuzt9mzGUwyFCqa3ODBAcZYBiFoKvrYwz0rabslJvSmQ==",
        "dependencies": {
          "Microsoft.OpenApi": "1.2.3"
        }
      },
      "Swashbuckle.AspNetCore.SwaggerGen": {
        "type": "Transitive",
        "resolved": "6.4.0",
        "contentHash": "lXhcUBVqKrPFAQF7e/ZeDfb5PMgE8n5t6L5B6/BQSpiwxgHzmBcx8Msu42zLYFTvR5PIqE9Q9lZvSQAcwCxJjw==",
        "dependencies": {
          "Swashbuckle.AspNetCore.Swagger": "6.4.0"
        }
      },
      "Swashbuckle.AspNetCore.SwaggerUI": {
        "type": "Transitive",
        "resolved": "6.4.0",
        "contentHash": "1Hh3atb3pi8c+v7n4/3N80Jj8RvLOXgWxzix6w3OZhB7zBGRwsy7FWr4e3hwgPweSBpwfElqj4V4nkjYabH9nQ=="
      },
      "YamlDotNet": {
        "type": "Transitive",
        "resolved": "16.2.0",
        "contentHash": "iKVYog7JNiFOTr4gMHSjCqrGFD2NyABUHgSkRq9XR8A2+fsWepSWTpjHAOnKo1LVAHjy33o6I0u6lo5Ng0NtAw=="
      },
      "application": {
        "type": "Project",
        "dependencies": {
          "Core.Domain": "[1.0.0, )",
          "JWT": "[11.0.0, )"
        }
      },
      "core.domain": {
        "type": "Project"
      }
    }
  }
}